{
    "_meta": {
        "hash": {
            "sha256": "58b6cc4794638606170c9e8293d9a247a23bff8c5a9c005945ffbd005358152b"
        },
        "pipfile-spec": 6,
        "requires": {
            "python_full_version": "3.11.4",
            "python_version": "3.11"
        },
        "sources": [
            {
                "name": "pypi",
                "url": "https://pypi.org/simple",
                "verify_ssl": true
            }
        ]
    },
    "default": {
        "prettytable": {
            "hashes": [
                "sha256:031eae6a9102017e8c7c7906460d150b7ed78b20fd1d8c8be4edaf88556c07ce",
                "sha256:03481bca25ae0c28958c8cd6ac5165c159ce89f7ccde04d5c899b24b68bb13b7"
            ],
            "index": "pypi",
            "version": "==3.8.0"
        },
        "wcwidth": {
            "hashes": [
                "sha256:795b138f6875577cd91bba52baf9e445cd5118fd32723b460e30a0af30ea230e",
                "sha256:a5220780a404dbe3353789870978e472cfe477761f06ee55077256e509b156d0"
            ],
            "version": "==0.2.6"
        }
    },
    "develop": {}
}
